
Microsoft Visual Studio Solution File, Format Version 12.00
# Visual Studio Version 16
VisualStudioVersion = 16.0.30907.101
MinimumVisualStudioVersion = 10.0.40219.1
Project("{FAE04EC0-301F-11D3-BF4B-00C04F79EFBC}") = "VNGUI", "VNGUI\VNGUI.csproj", "{077D21E1-9855-490E-A406-A4423B9E1A37}"
EndProject
Project("{FAE04EC0-301F-11D3-BF4B-00C04F79EFBC}") = "VNGUI_Testbed", "VNGUI_Testbed\VNGUI_Testbed.csproj", "{38D9E682-331F-4E4E-B5FB-847D793CB974}"
	ProjectSection(ProjectDependencies) = postProject
		{077D21E1-9855-490E-A406-A4423B9E1A37} = {077D21E1-9855-490E-A406-A4423B9E1A37}
	EndProjectSection
EndProject
Global
	GlobalSection(SolutionConfigurationPlatforms) = preSolution
		Debug|Any CPU = Debug|Any CPU
		Release|Any CPU = Release|Any CPU
	EndGlobalSection
	GlobalSection(ProjectConfigurationPlatforms) = postSolution
		{077D21E1-9855-490E-A406-A4423B9E1A37}.Debug|Any CPU.ActiveCfg = Debug|Any CPU
		{077D21E1-9855-490E-A406-A4423B9E1A37}.Debug|Any CPU.Build.0 = Debug|Any CPU
		{077D21E1-9855-490E-A406-A4423B9E1A37}.Release|Any CPU.ActiveCfg = Release|Any CPU
		{077D21E1-9855-490E-A406-A4423B9E1A37}.Release|Any CPU.Build.0 = Release|Any CPU
		{38D9E682-331F-4E4E-B5FB-847D793CB974}.Debug|Any CPU.ActiveCfg = Debug|Any CPU
		{38D9E682-331F-4E4E-B5FB-847D793CB974}.Debug|Any CPU.Build.0 = Debug|Any CPU
		{38D9E682-331F-4E4E-B5FB-847D793CB974}.Release|Any CPU.ActiveCfg = Release|Any CPU
		{38D9E682-331F-4E4E-B5FB-847D793CB974}.Release|Any CPU.Build.0 = Release|Any CPU
	EndGlobalSection
	GlobalSection(SolutionProperties) = preSolution
		HideSolutionNode = FALSE
	EndGlobalSection
	GlobalSection(ExtensibilityGlobals) = postSolution
		SolutionGuid = {3FE8BE82-9C14-48F1-BFCC-B76459839AD1}
	EndGlobalSection
EndGlobal
